// !$*UTF8*$!
{
	archiveVersion = 1;
	classes = {
	};
	objectVersion = 56;
	objects = {

/* Begin PBXBuildFile section */
		C22DBE2A2AA436DB00CFCB06 /* HealthApp.swift in Sources */ = {isa = PBXBuildFile; fileRef = C22DBE292AA436DB00CFCB06 /* HealthApp.swift */; };
		C22DBE2C2AA436DB00CFCB06 /* ContentView.swift in Sources */ = {isa = PBXBuildFile; fileRef = C22DBE2B2AA436DB00CFCB06 /* ContentView.swift */; };
		C22DBE2E2AA436DD00CFCB06 /* Assets.xcassets in Resources */ = {isa = PBXBuildFile; fileRef = C22DBE2D2AA436DD00CFCB06 /* Assets.xcassets */; };
		C22DBE312AA436DD00CFCB06 /* Preview Assets.xcassets in Resources */ = {isa = PBXBuildFile; fileRef = C22DBE302AA436DD00CFCB06 /* Preview Assets.xcassets */; };
		C22DBE3A2AA4372B00CFCB06 /* SummaryScreen.swift in Sources */ = {isa = PBXBuildFile; fileRef = C22DBE392AA4372B00CFCB06 /* SummaryScreen.swift */; };
		C22DBE3C2AA4387A00CFCB06 /* SharingScreen.swift in Sources */ = {isa = PBXBuildFile; fileRef = C22DBE3B2AA4387A00CFCB06 /* SharingScreen.swift */; };
		C22DBE3E2AA4388900CFCB06 /* BrowseScreen.swift in Sources */ = {isa = PBXBuildFile; fileRef = C22DBE3D2AA4388900CFCB06 /* BrowseScreen.swift */; };
		C28FC6622AA97682001BF229 /* favCard_Medium2.swift in Sources */ = {isa = PBXBuildFile; fileRef = C28FC6612AA97682001BF229 /* favCard_Medium2.swift */; };
		C2DDC8D92AA86090003C12AF /* favCard_Compact.swift in Sources */ = {isa = PBXBuildFile; fileRef = C2DDC8D82AA86090003C12AF /* favCard_Compact.swift */; };
		C2DDC8DB2AA864BB003C12AF /* favCard_Mini.swift in Sources */ = {isa = PBXBuildFile; fileRef = C2DDC8DA2AA864BB003C12AF /* favCard_Mini.swift */; };
		C2DDC8DD2AA868A9003C12AF /* favCard_Medium1.swift in Sources */ = {isa = PBXBuildFile; fileRef = C2DDC8DC2AA868A9003C12AF /* favCard_Medium1.swift */; };
/* End PBXBuildFile section */

/* Begin PBXFileReference section */
		C22DBE262AA436DB00CFCB06 /* Health.app */ = {isa = PBXFileReference; explicitFileType = wrapper.application; includeInIndex = 0; path = Health.app; sourceTree = BUILT_PRODUCTS_DIR; };
		C22DBE292AA436DB00CFCB06 /* HealthApp.swift */ = {isa = PBXFileReference; lastKnownFileType = sourcecode.swift; path = HealthApp.swift; sourceTree = "<group>"; };
		C22DBE2B2AA436DB00CFCB06 /* ContentView.swift */ = {isa = PBXFileReference; lastKnownFileType = sourcecode.swift; path = ContentView.swift; sourceTree = "<group>"; };
		C22DBE2D2AA436DD00CFCB06 /* Assets.xcassets */ = {isa = PBXFileReference; lastKnownFileType = folder.assetcatalog; path = Assets.xcassets; sourceTree = "<group>"; };
		C22DBE302AA436DD00CFCB06 /* Preview Assets.xcassets */ = {isa = PBXFileReference; lastKnownFileType = folder.assetcatalog; path = "Preview Assets.xcassets"; sourceTree = "<group>"; };
		C22DBE392AA4372B00CFCB06 /* SummaryScreen.swift */ = {isa = PBXFileReference; lastKnownFileType = sourcecode.swift; path = SummaryScreen.swift; sourceTree = "<group>"; };
		C22DBE3B2AA4387A00CFCB06 /* SharingScreen.swift */ = {isa = PBXFileReference; lastKnownFileType = sourcecode.swift; path = SharingScreen.swift; sourceTree = "<group>"; };
		C22DBE3D2AA4388900CFCB06 /* BrowseScreen.swift */ = {isa = PBXFileReference; lastKnownFileType = sourcecode.swift; path = BrowseScreen.swift; sourceTree = "<group>"; };
		C28FC6612AA97682001BF229 /* favCard_Medium2.swift */ = {isa = PBXFileReference; lastKnownFileType = sourcecode.swift; path = favCard_Medium2.swift; sourceTree = "<group>"; };
		C2DDC8D82AA86090003C12AF /* favCard_Compact.swift */ = {isa = PBXFileReference; lastKnownFileType = sourcecode.swift; path = favCard_Compact.swift; sourceTree = "<group>"; };
		C2DDC8DA2AA864BB003C12AF /* favCard_Mini.swift */ = {isa = PBXFileReference; lastKnownFileType = sourcecode.swift; path = favCard_Mini.swift; sourceTree = "<group>"; };
		C2DDC8DC2AA868A9003C12AF /* favCard_Medium1.swift */ = {isa = PBXFileReference; lastKnownFileType = sourcecode.swift; path = favCard_Medium1.swift; sourceTree = "<group>"; };
/* End PBXFileReference section */

/* Begin PBXFrameworksBuildPhase section */
		C22DBE232AA436DB00CFCB06 /* Frameworks */ = {
			isa = PBXFrameworksBuildPhase;
			buildActionMask = 2147483647;
			files = (
			);
			runOnlyForDeploymentPostprocessing = 0;
		};
/* End PBXFrameworksBuildPhase section */

/* Begin PBXGroup section */
		C22DBE1D2AA436DB00CFCB06 = {
			isa = PBXGroup;
			children = (
				C22DBE282AA436DB00CFCB06 /* Health */,
				C22DBE272AA436DB00CFCB06 /* Products */,
			);
			sourceTree = "<group>";
		};
		C22DBE272AA436DB00CFCB06 /* Products */ = {
			isa = PBXGroup;
			children = (
				C22DBE262AA436DB00CFCB06 /* Health.app */,
			);
			name = Products;
			sourceTree = "<group>";
		};
		C22DBE282AA436DB00CFCB06 /* Health */ = {
			isa = PBXGroup;
			children = (
				C2DDC8D72AA85DEC003C12AF /* components */,
				C22DBE372AA4370500CFCB06 /* screens */,
				C22DBE292AA436DB00CFCB06 /* HealthApp.swift */,
				C22DBE2B2AA436DB00CFCB06 /* ContentView.swift */,
				C22DBE2D2AA436DD00CFCB06 /* Assets.xcassets */,
				C22DBE2F2AA436DD00CFCB06 /* Preview Content */,
			);
			path = Health;
			sourceTree = "<group>";
		};
		C22DBE2F2AA436DD00CFCB06 /* Preview Content */ = {
			isa = PBXGroup;
			children = (
				C22DBE302AA436DD00CFCB06 /* Preview Assets.xcassets */,
			);
			path = "Preview Content";
			sourceTree = "<group>";
		};
		C22DBE372AA4370500CFCB06 /* screens */ = {
			isa = PBXGroup;
			children = (
				C22DBE392AA4372B00CFCB06 /* SummaryScreen.swift */,
				C22DBE3B2AA4387A00CFCB06 /* SharingScreen.swift */,
				C22DBE3D2AA4388900CFCB06 /* BrowseScreen.swift */,
			);
			path = screens;
			sourceTree = "<group>";
		};
		C2DDC8D72AA85DEC003C12AF /* components */ = {
			isa = PBXGroup;
			children = (
				C2DDC8D82AA86090003C12AF /* favCard_Compact.swift */,
				C2DDC8DA2AA864BB003C12AF /* favCard_Mini.swift */,
				C2DDC8DC2AA868A9003C12AF /* favCard_Medium1.swift */,
				C28FC6612AA97682001BF229 /* favCard_Medium2.swift */,
			);
			path = components;
			sourceTree = "<group>";
		};
/* End PBXGroup section */

/* Begin PBXNativeTarget section */
		C22DBE252AA436DB00CFCB06 /* Health */ = {
			isa = PBXNativeTarget;
			buildConfigurationList = C22DBE342AA436DD00CFCB06 /* Build configuration list for PBXNativeTarget "Health" */;
			buildPhases = (
				C22DBE222AA436DB00CFCB06 /* Sources */,
				C22DBE232AA436DB00CFCB06 /* Frameworks */,
				C22DBE242AA436DB00CFCB06 /* Resources */,
			);
			buildRules = (
			);
			dependencies = (
			);
			name = Health;
			productName = Health;
			productReference = C22DBE262AA436DB00CFCB06 /* Health.app */;
			productType = "com.apple.product-type.application";
		};
/* End PBXNativeTarget section */

/* Begin PBXProject section */
		C22DBE1E2AA436DB00CFCB06 /* Project object */ = {
			isa = PBXProject;
			attributes = {
				BuildIndependentTargetsInParallel = 1;
				LastSwiftUpdateCheck = 1430;
				LastUpgradeCheck = 1430;
				TargetAttributes = {
					C22DBE252AA436DB00CFCB06 = {
						CreatedOnToolsVersion = 14.3.1;
					};
				};
			};
			buildConfigurationList = C22DBE212AA436DB00CFCB06 /* Build configuration list for PBXProject "Health" */;
			compatibilityVersion = "Xcode 14.0";
			developmentRegion = en;
			hasScannedForEncodings = 0;
			knownRegions = (
				en,
				Base,
			);
			mainGroup = C22DBE1D2AA436DB00CFCB06;
			productRefGroup = C22DBE272AA436DB00CFCB06 /* Products */;
			projectDirPath = "";
			projectRoot = "";
			targets = (
				C22DBE252AA436DB00CFCB06 /* Health */,
			);
		};
/* End PBXProject section */

/* Begin PBXResourcesBuildPhase section */
		C22DBE242AA436DB00CFCB06 /* Resources */ = {
			isa = PBXResourcesBuildPhase;
			buildActionMask = 2147483647;
			files = (
				C22DBE312AA436DD00CFCB06 /* Preview Assets.xcassets in Resources */,
				C22DBE2E2AA436DD00CFCB06 /* Assets.xcassets in Resources */,
			);
			runOnlyForDeploymentPostprocessing = 0;
		};
/* End PBXResourcesBuildPhase section */

/* Begin PBXSourcesBuildPhase section */
		C22DBE222AA436DB00CFCB06 /* Sources */ = {
			isa = PBXSourcesBuildPhase;
			buildActionMask = 2147483647;
			files = (
				C22DBE2C2AA436DB00CFCB06 /* ContentView.swift in Sources */,
				C2DDC8DB2AA864BB003C12AF /* favCard_Mini.swift in Sources */,
				C2DDC8D92AA86090003C12AF /* favCard_Compact.swift in Sources */,
				C22DBE3E2AA4388900CFCB06 /* BrowseScreen.swift in Sources */,
				C22DBE2A2AA436DB00CFCB06 /* HealthApp.swift in Sources */,
				C22DBE3C2AA4387A00CFCB06 /* SharingScreen.swift in Sources */,
				C2DDC8DD2AA868A9003C12AF /* favCard_Medium1.swift in Sources */,
				C22DBE3A2AA4372B00CFCB06 /* SummaryScreen.swift in Sources */,
				C28FC6622AA97682001BF229 /* favCard_Medium2.swift in Sources */,
			);
			runOnlyForDeploymentPostprocessing = 0;
		};
/* End PBXSourcesBuildPhase section */

/* Begin XCBuildConfiguration section */
		C22DBE322AA436DD00CFCB06 /* Debug */ = {
			isa = XCBuildConfiguration;
			buildSettings = {
				ALWAYS_SEARCH_USER_PATHS = NO;
				CLANG_ANALYZER_NONNULL = YES;
				CLANG_ANALYZER_NUMBER_OBJECT_CONVERSION = YES_AGGRESSIVE;
				CLANG_CXX_LANGUAGE_STANDARD = "gnu++20";
				CLANG_ENABLE_MODULES = YES;
				CLANG_ENABLE_OBJC_ARC = YES;
				CLANG_ENABLE_OBJC_WEAK = YES;
				CLANG_WARN_BLOCK_CAPTURE_AUTORELEASING = YES;
				CLANG_WARN_BOOL_CONVERSION = YES;
				CLANG_WARN_COMMA = YES;
				CLANG_WARN_CONSTANT_CONVERSION = YES;
				CLANG_WARN_DEPRECATED_OBJC_IMPLEMENTATIONS = YES;
				CLANG_WARN_DIRECT_OBJC_ISA_USAGE = YES_ERROR;
				CLANG_WARN_DOCUMENTATION_COMMENTS = YES;
				CLANG_WARN_EMPTY_BODY = YES;
				CLANG_WARN_ENUM_CONVERSION = YES;
				CLANG_WARN_INFINITE_RECURSION = YES;
				CLANG_WARN_INT_CONVERSION = YES;
				CLANG_WARN_NON_LITERAL_NULL_CONVERSION = YES;
				CLANG_WARN_OBJC_IMPLICIT_RETAIN_SELF = YES;
				CLANG_WARN_OBJC_LITERAL_CONVERSION = YES;
				CLANG_WARN_OBJC_ROOT_CLASS = YES_ERROR;
				CLANG_WARN_QUOTED_INCLUDE_IN_FRAMEWORK_HEADER = YES;
				CLANG_WARN_RANGE_LOOP_ANALYSIS = YES;
				CLANG_WARN_STRICT_PROTOTYPES = YES;
				CLANG_WARN_SUSPICIOUS_MOVE = YES;
				CLANG_WARN_UNGUARDED_AVAILABILITY = YES_AGGRESSIVE;
				CLANG_WARN_UNREACHABLE_CODE = YES;
				CLANG_WARN__DUPLICATE_METHOD_MATCH = YES;
				COPY_PHASE_STRIP = NO;
				DEBUG_INFORMATION_FORMAT = dwarf;
				ENABLE_STRICT_OBJC_MSGSEND = YES;
				ENABLE_TESTABILITY = YES;
				GCC_C_LANGUAGE_STANDARD = gnu11;
				GCC_DYNAMIC_NO_PIC = NO;
				GCC_NO_COMMON_BLOCKS = YES;
				GCC_OPTIMIZATION_LEVEL = 0;
				GCC_PREPROCESSOR_DEFINITIONS = (
					"DEBUG=1",
					"$(inherited)",
				);
				GCC_WARN_64_TO_32_BIT_CONVERSION = YES;
				GCC_WARN_ABOUT_RETURN_TYPE = YES_ERROR;
				GCC_WARN_UNDECLARED_SELECTOR = YES;
				GCC_WARN_UNINITIALIZED_AUTOS = YES_AGGRESSIVE;
				GCC_WARN_UNUSED_FUNCTION = YES;
				GCC_WARN_UNUSED_VARIABLE = YES;
				IPHONEOS_DEPLOYMENT_TARGET = 16.4;
				MTL_ENABLE_DEBUG_INFO = INCLUDE_SOURCE;
				MTL_FAST_MATH = YES;
				ONLY_ACTIVE_ARCH = YES;
				SDKROOT = iphoneos;
				SWIFT_ACTIVE_COMPILATION_CONDITIONS = DEBUG;
				SWIFT_OPTIMIZATION_LEVEL = "-Onone";
			};
			name = Debug;
		};
		C22DBE332AA436DD00CFCB06 /* Release */ = {
			isa = XCBuildConfiguration;
			buildSettings = {
				ALWAYS_SEARCH_USER_PATHS = NO;
				CLANG_ANALYZER_NONNULL = YES;
				CLANG_ANALYZER_NUMBER_OBJECT_CONVERSION = YES_AGGRESSIVE;
				CLANG_CXX_LANGUAGE_STANDARD = "gnu++20";
				CLANG_ENABLE_MODULES = YES;
				CLANG_ENABLE_OBJC_ARC = YES;
				CLANG_ENABLE_OBJC_WEAK = YES;
				CLANG_WARN_BLOCK_CAPTURE_AUTORELEASING = YES;
				CLANG_WARN_BOOL_CONVERSION = YES;
				CLANG_WARN_COMMA = YES;
				CLANG_WARN_CONSTANT_CONVERSION = YES;
				CLANG_WARN_DEPRECATED_OBJC_IMPLEMENTATIONS = YES;
				CLANG_WARN_DIRECT_OBJC_ISA_USAGE = YES_ERROR;
				CLANG_WARN_DOCUMENTATION_COMMENTS = YES;
				CLANG_WARN_EMPTY_BODY = YES;
				CLANG_WARN_ENUM_CONVERSION = YES;
				CLANG_WARN_INFINITE_RECURSION = YES;
				CLANG_WARN_INT_CONVERSION = YES;
				CLANG_WARN_NON_LITERAL_NULL_CONVERSION = YES;
				CLANG_WARN_OBJC_IMPLICIT_RETAIN_SELF = YES;
				CLANG_WARN_OBJC_LITERAL_CONVERSION = YES;
				CLANG_WARN_OBJC_ROOT_CLASS = YES_ERROR;
				CLANG_WARN_QUOTED_INCLUDE_IN_FRAMEWORK_HEADER = YES;
				CLANG_WARN_RANGE_LOOP_ANALYSIS = YES;
				CLANG_WARN_STRICT_PROTOTYPES = YES;
				CLANG_WARN_SUSPICIOUS_MOVE = YES;
				CLANG_WARN_UNGUARDED_AVAILABILITY = YES_AGGRESSIVE;
				CLANG_WARN_UNREACHABLE_CODE = YES;
				CLANG_WARN__DUPLICATE_METHOD_MATCH = YES;
				COPY_PHASE_STRIP = NO;
				DEBUG_INFORMATION_FORMAT = "dwarf-with-dsym";
				ENABLE_NS_ASSERTIONS = NO;
				ENABLE_STRICT_OBJC_MSGSEND = YES;
				GCC_C_LANGUAGE_STANDARD = gnu11;
				GCC_NO_COMMON_BLOCKS = YES;
				GCC_WARN_64_TO_32_BIT_CONVERSION = YES;
				GCC_WARN_ABOUT_RETURN_TYPE = YES_ERROR;
				GCC_WARN_UNDECLARED_SELECTOR = YES;
				GCC_WARN_UNINITIALIZED_AUTOS = YES_AGGRESSIVE;
				GCC_WARN_UNUSED_FUNCTION = YES;
				GCC_WARN_UNUSED_VARIABLE = YES;
				IPHONEOS_DEPLOYMENT_TARGET = 16.4;
				MTL_ENABLE_DEBUG_INFO = NO;
				MTL_FAST_MATH = YES;
				SDKROOT = iphoneos;
				SWIFT_COMPILATION_MODE = wholemodule;
				SWIFT_OPTIMIZATION_LEVEL = "-O";
				VALIDATE_PRODUCT = YES;
			};
			name = Release;
		};
		C22DBE352AA436DD00CFCB06 /* Debug */ = {
			isa = XCBuildConfiguration;
			buildSettings = {
				ASSETCATALOG_COMPILER_APPICON_NAME = AppIcon;
				ASSETCATALOG_COMPILER_GLOBAL_ACCENT_COLOR_NAME = AccentColor;
				CODE_SIGN_STYLE = Automatic;
				CURRENT_PROJECT_VERSION = 1;
				DEVELOPMENT_ASSET_PATHS = "\"Health/Preview Content\"";
				DEVELOPMENT_TEAM = 35KB5PK2KC;
				ENABLE_PREVIEWS = YES;
				GENERATE_INFOPLIST_FILE = YES;
				INFOPLIST_KEY_UIApplicationSceneManifest_Generation = YES;
				INFOPLIST_KEY_UIApplicationSupportsIndirectInputEvents = YES;
				INFOPLIST_KEY_UILaunchScreen_Generation = YES;
				INFOPLIST_KEY_UISupportedInterfaceOrientations_iPad = "UIInterfaceOrientationPortrait UIInterfaceOrientationPortraitUpsideDown UIInterfaceOrientationLandscapeLeft UIInterfaceOrientationLandscapeRight";
				INFOPLIST_KEY_UISupportedInterfaceOrientations_iPhone = "UIInterfaceOrientationPortrait UIInterfaceOrientationLandscapeLeft UIInterfaceOrientationLandscapeRight";
				LD_RUNPATH_SEARCH_PATHS = (
					"$(inherited)",
					"@executable_path/Frameworks",
				);
				MARKETING_VERSION = 1.0;
				PRODUCT_BUNDLE_IDENTIFIER = nham.Health;
				PRODUCT_NAME = "$(TARGET_NAME)";
				SWIFT_EMIT_LOC_STRINGS = YES;
				SWIFT_VERSION = 5.0;
				TARGETED_DEVICE_FAMILY = "1,2";
			};
			name = Debug;
		};
		C22DBE362AA436DD00CFCB06 /* Release */ = {
			isa = XCBuildConfiguration;
			buildSettings = {
				ASSETCATALOG_COMPILER_APPICON_NAME = AppIcon;
				ASSETCATALOG_COMPILER_GLOBAL_ACCENT_COLOR_NAME = AccentColor;
				CODE_SIGN_STYLE = Automatic;
				CURRENT_PROJECT_VERSION = 1;
				DEVELOPMENT_ASSET_PATHS = "\"Health/Preview Content\"";
				DEVELOPMENT_TEAM = 35KB5PK2KC;
				ENABLE_PREVIEWS = YES;
				GENERATE_INFOPLIST_FILE = YES;
				INFOPLIST_KEY_UIApplicationSceneManifest_Generation = YES;
				INFOPLIST_KEY_UIApplicationSupportsIndirectInputEvents = YES;
				INFOPLIST_KEY_UILaunchScreen_Generation = YES;
				INFOPLIST_KEY_UISupportedInterfaceOrientations_iPad = "UIInterfaceOrientationPortrait UIInterfaceOrientationPortraitUpsideDown UIInterfaceOrientationLandscapeLeft UIInterfaceOrientationLandscapeRight";
				INFOPLIST_KEY_UISupportedInterfaceOrientations_iPhone = "UIInterfaceOrientationPortrait UIInterfaceOrientationLandscapeLeft UIInterfaceOrientationLandscapeRight";
				LD_RUNPATH_SEARCH_PATHS = (
					"$(inherited)",
					"@executable_path/Frameworks",
				);
				MARKETING_VERSION = 1.0;
				PRODUCT_BUNDLE_IDENTIFIER = nham.Health;
				PRODUCT_NAME = "$(TARGET_NAME)";
				SWIFT_EMIT_LOC_STRINGS = YES;
				SWIFT_VERSION = 5.0;
				TARGETED_DEVICE_FAMILY = "1,2";
			};
			name = Release;
		};
/* End XCBuildConfiguration section */

/* Begin XCConfigurationList section */
		C22DBE212AA436DB00CFCB06 /* Build configuration list for PBXProject "Health" */ = {
			isa = XCConfigurationList;
			buildConfigurations = (
				C22DBE322AA436DD00CFCB06 /* Debug */,
				C22DBE332AA436DD00CFCB06 /* Release */,
			);
			defaultConfigurationIsVisible = 0;
			defaultConfigurationName = Release;
		};
		C22DBE342AA436DD00CFCB06 /* Build configuration list for PBXNativeTarget "Health" */ = {
			isa = XCConfigurationList;
			buildConfigurations = (
				C22DBE352AA436DD00CFCB06 /* Debug */,
				C22DBE362AA436DD00CFCB06 /* Release */,
			);
			defaultConfigurationIsVisible = 0;
			defaultConfigurationName = Release;
		};
/* End XCConfigurationList section */
	};
	rootObject = C22DBE1E2AA436DB00CFCB06 /* Project object */;
}
